// !$*UTF8*$!
{
	archiveVersion = 1;
	classes = {
	};
	objectVersion = 46;
	objects = {

/* Begin PBXBuildFile section */
		354502D21EA5634600F3B587 /* libglfw3.a in Frameworks */ = {isa = PBXBuildFile; fileRef = 354502D11EA5634600F3B587 /* libglfw3.a */; };
		35A0C1E11EA3859E006C34AF /* main.cpp in Sources */ = {isa = PBXBuildFile; fileRef = 35A0C1E01EA3859E006C34AF /* main.cpp */; };
		35A0C1EB1EA3E5AF006C34AF /* libGLEW.2.0.0.dylib in Frameworks */ = {isa = PBXBuildFile; fileRef = 35A0C1EA1EA3E5AF006C34AF /* libGLEW.2.0.0.dylib */; };
		35A0C1ED1EA3E601006C34AF /* OpenGL.framework in Frameworks */ = {isa = PBXBuildFile; fileRef = 35A0C1EC1EA3E601006C34AF /* OpenGL.framework */; };
		35A0C1EF1EA55D9E006C34AF /* Cocoa.framework in Frameworks */ = {isa = PBXBuildFile; fileRef = 35A0C1EE1EA55D9E006C34AF /* Cocoa.framework */; };
		35A0C1F11EA55DA9006C34AF /* IOKit.framework in Frameworks */ = {isa = PBXBuildFile; fileRef = 35A0C1F01EA55DA9006C34AF /* IOKit.framework */; };
		35A0C1F31EA55DB0006C34AF /* CoreVideo.framework in Frameworks */ = {isa = PBXBuildFile; fileRef = 35A0C1F21EA55DB0006C34AF /* CoreVideo.framework */; };
		35FDB0BE1EA934CE00A51757 /* libSOIL.a in Frameworks */ = {isa = PBXBuildFile; fileRef = 35FDB0BD1EA934CE00A51757 /* libSOIL.a */; };
/* End PBXBuildFile section */

/* Begin PBXCopyFilesBuildPhase section */
		35A0C1DB1EA3859E006C34AF /* CopyFiles */ = {
			isa = PBXCopyFilesBuildPhase;
			buildActionMask = 2147483647;
			dstPath = /usr/share/man/man1/;
			dstSubfolderSpec = 0;
			files = (
			);
			runOnlyForDeploymentPostprocessing = 1;
		};
/* End PBXCopyFilesBuildPhase section */

/* Begin PBXFileReference section */
		354418C01EA8093B0094EB72 /* shader-loader.h */ = {isa = PBXFileReference; lastKnownFileType = sourcecode.c.h; path = "shader-loader.h"; sourceTree = "<group>"; };
		354418C21EA80B870094EB72 /* Simple.ver */ = {isa = PBXFileReference; fileEncoding = 4; lastKnownFileType = text; name = Simple.ver; path = Shaders/Simple.ver; sourceTree = "<group>"; };
		354418C31EA80BB70094EB72 /* Simple.frag */ = {isa = PBXFileReference; fileEncoding = 4; lastKnownFileType = sourcecode.glsl; name = Simple.frag; path = Shaders/Simple.frag; sourceTree = "<group>"; };
		354502D11EA5634600F3B587 /* libglfw3.a */ = {isa = PBXFileReference; lastKnownFileType = archive.ar; name = libglfw3.a; path = ../../../../../../../usr/local/lib/libglfw3.a; sourceTree = "<group>"; };
		35A0C1DD1EA3859E006C34AF /* OpenGL_01 */ = {isa = PBXFileReference; explicitFileType = "compiled.mach-o.executable"; includeInIndex = 0; path = OpenGL_01; sourceTree = BUILT_PRODUCTS_DIR; };
		35A0C1E01EA3859E006C34AF /* main.cpp */ = {isa = PBXFileReference; lastKnownFileType = sourcecode.cpp.cpp; path = main.cpp; sourceTree = "<group>"; };
		35A0C1E81EA3864A006C34AF /* libglfw.3.2.dylib */ = {isa = PBXFileReference; lastKnownFileType = "compiled.mach-o.dylib"; name = libglfw.3.2.dylib; path = ../../../../../../../usr/local/Cellar/glfw/3.2.1/lib/libglfw.3.2.dylib; sourceTree = "<group>"; };
		35A0C1EA1EA3E5AF006C34AF /* libGLEW.2.0.0.dylib */ = {isa = PBXFileReference; lastKnownFileType = "compiled.mach-o.dylib"; name = libGLEW.2.0.0.dylib; path = ../../../../../../../usr/local/Cellar/glew/2.0.0/lib/libGLEW.2.0.0.dylib; sourceTree = "<group>"; };
		35A0C1EC1EA3E601006C34AF /* OpenGL.framework */ = {isa = PBXFileReference; lastKnownFileType = wrapper.framework; name = OpenGL.framework; path = System/Library/Frameworks/OpenGL.framework; sourceTree = SDKROOT; };
		35A0C1EE1EA55D9E006C34AF /* Cocoa.framework */ = {isa = PBXFileReference; lastKnownFileType = wrapper.framework; name = Cocoa.framework; path = System/Library/Frameworks/Cocoa.framework; sourceTree = SDKROOT; };
		35A0C1F01EA55DA9006C34AF /* IOKit.framework */ = {isa = PBXFileReference; lastKnownFileType = wrapper.framework; name = IOKit.framework; path = System/Library/Frameworks/IOKit.framework; sourceTree = SDKROOT; };
		35A0C1F21EA55DB0006C34AF /* CoreVideo.framework */ = {isa = PBXFileReference; lastKnownFileType = wrapper.framework; name = CoreVideo.framework; path = System/Library/Frameworks/CoreVideo.framework; sourceTree = SDKROOT; };
		35CD1AE71EC66E94001AC9D2 /* camera.h */ = {isa = PBXFileReference; lastKnownFileType = sourcecode.c.h; path = camera.h; sourceTree = "<group>"; };
		35FDB0BC1EA929FC00A51757 /* test_texture.JPG */ = {isa = PBXFileReference; lastKnownFileType = image.jpeg; path = test_texture.JPG; sourceTree = "<group>"; };
		35FDB0BD1EA934CE00A51757 /* libSOIL.a */ = {isa = PBXFileReference; lastKnownFileType = archive.ar; name = libSOIL.a; path = ../../../../../../../usr/local/lib/libSOIL.a; sourceTree = "<group>"; };
		35FDB0BF1EA935AF00A51757 /* container.jpg */ = {isa = PBXFileReference; lastKnownFileType = image.jpeg; path = container.jpg; sourceTree = "<group>"; };
		35FDB0C01EA935AF00A51757 /* wall.jpg */ = {isa = PBXFileReference; lastKnownFileType = image.jpeg; path = wall.jpg; sourceTree = "<group>"; };
/* End PBXFileReference section */

/* Begin PBXFrameworksBuildPhase section */
		35A0C1DA1EA3859E006C34AF /* Frameworks */ = {
			isa = PBXFrameworksBuildPhase;
			buildActionMask = 2147483647;
			files = (
				35FDB0BE1EA934CE00A51757 /* libSOIL.a in Frameworks */,
				35A0C1F31EA55DB0006C34AF /* CoreVideo.framework in Frameworks */,
				35A0C1F11EA55DA9006C34AF /* IOKit.framework in Frameworks */,
				35A0C1EF1EA55D9E006C34AF /* Cocoa.framework in Frameworks */,
				35A0C1ED1EA3E601006C34AF /* OpenGL.framework in Frameworks */,
				354502D21EA5634600F3B587 /* libglfw3.a in Frameworks */,
				35A0C1EB1EA3E5AF006C34AF /* libGLEW.2.0.0.dylib in Frameworks */,
			);
			runOnlyForDeploymentPostprocessing = 0;
		};
/* End PBXFrameworksBuildPhase section */

/* Begin PBXGroup section */
		355DCF181EA6BC770029CD24 /* Shaders */ = {
			isa = PBXGroup;
			children = (
				354418C21EA80B870094EB72 /* Simple.ver */,
				354418C31EA80BB70094EB72 /* Simple.frag */,
			);
			name = Shaders;
			sourceTree = "<group>";
		};
		35A0C1D41EA3859E006C34AF = {
			isa = PBXGroup;
			children = (
				35A0C1DF1EA3859E006C34AF /* OpenGL_01 */,
				35A0C1DE1EA3859E006C34AF /* Products */,
				35A0C1E71EA3864A006C34AF /* Frameworks */,
			);
			sourceTree = "<group>";
		};
		35A0C1DE1EA3859E006C34AF /* Products */ = {
			isa = PBXGroup;
			children = (
				35A0C1DD1EA3859E006C34AF /* OpenGL_01 */,
			);
			name = Products;
			sourceTree = "<group>";
		};
		35A0C1DF1EA3859E006C34AF /* OpenGL_01 */ = {
			isa = PBXGroup;
			children = (
				35FDB0BA1EA929FC00A51757 /* Resources */,
				355DCF181EA6BC770029CD24 /* Shaders */,
				35A0C1E01EA3859E006C34AF /* main.cpp */,
				354418C01EA8093B0094EB72 /* shader-loader.h */,
				35CD1AE71EC66E94001AC9D2 /* camera.h */,
			);
			path = OpenGL_01;
			sourceTree = "<group>";
		};
		35A0C1E71EA3864A006C34AF /* Frameworks */ = {
			isa = PBXGroup;
			children = (
				35FDB0BD1EA934CE00A51757 /* libSOIL.a */,
				354502D11EA5634600F3B587 /* libglfw3.a */,
				35A0C1F21EA55DB0006C34AF /* CoreVideo.framework */,
				35A0C1F01EA55DA9006C34AF /* IOKit.framework */,
				35A0C1EE1EA55D9E006C34AF /* Cocoa.framework */,
				35A0C1EC1EA3E601006C34AF /* OpenGL.framework */,
				35A0C1EA1EA3E5AF006C34AF /* libGLEW.2.0.0.dylib */,
				35A0C1E81EA3864A006C34AF /* libglfw.3.2.dylib */,
			);
			name = Frameworks;
			sourceTree = "<group>";
		};
		35FDB0BA1EA929FC00A51757 /* Resources */ = {
			isa = PBXGroup;
			children = (
				35FDB0BB1EA929FC00A51757 /* Textures */,
			);
			path = Resources;
			sourceTree = "<group>";
		};
		35FDB0BB1EA929FC00A51757 /* Textures */ = {
			isa = PBXGroup;
			children = (
				35FDB0BF1EA935AF00A51757 /* container.jpg */,
				35FDB0C01EA935AF00A51757 /* wall.jpg */,
				35FDB0BC1EA929FC00A51757 /* test_texture.JPG */,
			);
			path = Textures;
			sourceTree = "<group>";
		};
/* End PBXGroup section */

/* Begin PBXNativeTarget section */
		35A0C1DC1EA3859E006C34AF /* OpenGL_01 */ = {
			isa = PBXNativeTarget;
			buildConfigurationList = 35A0C1E41EA3859E006C34AF /* Build configuration list for PBXNativeTarget "OpenGL_01" */;
			buildPhases = (
				35A0C1D91EA3859E006C34AF /* Sources */,
				35A0C1DA1EA3859E006C34AF /* Frameworks */,
				35A0C1DB1EA3859E006C34AF /* CopyFiles */,
			);
			buildRules = (
			);
			dependencies = (
			);
			name = OpenGL_01;
			productName = OpenGL_01;
			productReference = 35A0C1DD1EA3859E006C34AF /* OpenGL_01 */;
			productType = "com.apple.product-type.tool";
		};
/* End PBXNativeTarget section */

/* Begin PBXProject section */
		35A0C1D51EA3859E006C34AF /* Project object */ = {
			isa = PBXProject;
			attributes = {
				LastUpgradeCheck = 0830;
				ORGANIZATIONNAME = HandMade;
				TargetAttributes = {
					35A0C1DC1EA3859E006C34AF = {
						CreatedOnToolsVersion = 8.3.1;
						ProvisioningStyle = Automatic;
					};
				};
			};
			buildConfigurationList = 35A0C1D81EA3859E006C34AF /* Build configuration list for PBXProject "OpenGL_01" */;
			compatibilityVersion = "Xcode 3.2";
			developmentRegion = English;
			hasScannedForEncodings = 0;
			knownRegions = (
				en,
			);
			mainGroup = 35A0C1D41EA3859E006C34AF;
			productRefGroup = 35A0C1DE1EA3859E006C34AF /* Products */;
			projectDirPath = "";
			projectRoot = "";
			targets = (
				35A0C1DC1EA3859E006C34AF /* OpenGL_01 */,
			);
		};
/* End PBXProject section */

/* Begin PBXSourcesBuildPhase section */
		35A0C1D91EA3859E006C34AF /* Sources */ = {
			isa = PBXSourcesBuildPhase;
			buildActionMask = 2147483647;
			files = (
				35A0C1E11EA3859E006C34AF /* main.cpp in Sources */,
			);
			runOnlyForDeploymentPostprocessing = 0;
		};
/* End PBXSourcesBuildPhase section */

/* Begin XCBuildConfiguration section */
		35A0C1E21EA3859E006C34AF /* Debug */ = {
			isa = XCBuildConfiguration;
			buildSettings = {
				ALWAYS_SEARCH_USER_PATHS = NO;
				CLANG_ANALYZER_NONNULL = YES;
				CLANG_ANALYZER_NUMBER_OBJECT_CONVERSION = YES_AGGRESSIVE;
				CLANG_CXX_LANGUAGE_STANDARD = "gnu++0x";
				CLANG_CXX_LIBRARY = "libc++";
				CLANG_ENABLE_MODULES = YES;
				CLANG_ENABLE_OBJC_ARC = YES;
				CLANG_WARN_BOOL_CONVERSION = YES;
				CLANG_WARN_CONSTANT_CONVERSION = YES;
				CLANG_WARN_DIRECT_OBJC_ISA_USAGE = YES_ERROR;
				CLANG_WARN_DOCUMENTATION_COMMENTS = YES;
				CLANG_WARN_EMPTY_BODY = YES;
				CLANG_WARN_ENUM_CONVERSION = YES;
				CLANG_WARN_INFINITE_RECURSION = YES;
				CLANG_WARN_INT_CONVERSION = YES;
				CLANG_WARN_OBJC_ROOT_CLASS = YES_ERROR;
				CLANG_WARN_SUSPICIOUS_MOVE = YES;
				CLANG_WARN_UNREACHABLE_CODE = YES;
				CLANG_WARN__DUPLICATE_METHOD_MATCH = YES;
				CODE_SIGN_IDENTITY = "-";
				COPY_PHASE_STRIP = NO;
				DEBUG_INFORMATION_FORMAT = dwarf;
				ENABLE_STRICT_OBJC_MSGSEND = YES;
				ENABLE_TESTABILITY = YES;
				GCC_C_LANGUAGE_STANDARD = gnu99;
				GCC_DYNAMIC_NO_PIC = NO;
				GCC_NO_COMMON_BLOCKS = YES;
				GCC_OPTIMIZATION_LEVEL = 0;
				GCC_PREPROCESSOR_DEFINITIONS = (
					"DEBUG=1",
					"$(inherited)",
				);
				GCC_WARN_64_TO_32_BIT_CONVERSION = YES;
				GCC_WARN_ABOUT_RETURN_TYPE = YES_ERROR;
				GCC_WARN_UNDECLARED_SELECTOR = YES;
				GCC_WARN_UNINITIALIZED_AUTOS = YES_AGGRESSIVE;
				GCC_WARN_UNUSED_FUNCTION = YES;
				GCC_WARN_UNUSED_VARIABLE = YES;
				MACOSX_DEPLOYMENT_TARGET = 10.12;
				MTL_ENABLE_DEBUG_INFO = YES;
				ONLY_ACTIVE_ARCH = YES;
				SDKROOT = macosx;
			};
			name = Debug;
		};
		35A0C1E31EA3859E006C34AF /* Release */ = {
			isa = XCBuildConfiguration;
			buildSettings = {
				ALWAYS_SEARCH_USER_PATHS = NO;
				CLANG_ANALYZER_NONNULL = YES;
				CLANG_ANALYZER_NUMBER_OBJECT_CONVERSION = YES_AGGRESSIVE;
				CLANG_CXX_LANGUAGE_STANDARD = "gnu++0x";
				CLANG_CXX_LIBRARY = "libc++";
				CLANG_ENABLE_MODULES = YES;
				CLANG_ENABLE_OBJC_ARC = YES;
				CLANG_WARN_BOOL_CONVERSION = YES;
				CLANG_WARN_CONSTANT_CONVERSION = YES;
				CLANG_WARN_DIRECT_OBJC_ISA_USAGE = YES_ERROR;
				CLANG_WARN_DOCUMENTATION_COMMENTS = YES;
				CLANG_WARN_EMPTY_BODY = YES;
				CLANG_WARN_ENUM_CONVERSION = YES;
				CLANG_WARN_INFINITE_RECURSION = YES;
				CLANG_WARN_INT_CONVERSION = YES;
				CLANG_WARN_OBJC_ROOT_CLASS = YES_ERROR;
				CLANG_WARN_SUSPICIOUS_MOVE = YES;
				CLANG_WARN_UNREACHABLE_CODE = YES;
				CLANG_WARN__DUPLICATE_METHOD_MATCH = YES;
				CODE_SIGN_IDENTITY = "-";
				COPY_PHASE_STRIP = NO;
				DEBUG_INFORMATION_FORMAT = "dwarf-with-dsym";
				ENABLE_NS_ASSERTIONS = NO;
				ENABLE_STRICT_OBJC_MSGSEND = YES;
				GCC_C_LANGUAGE_STANDARD = gnu99;
				GCC_NO_COMMON_BLOCKS = YES;
				GCC_WARN_64_TO_32_BIT_CONVERSION = YES;
				GCC_WARN_ABOUT_RETURN_TYPE = YES_ERROR;
				GCC_WARN_UNDECLARED_SELECTOR = YES;
				GCC_WARN_UNINITIALIZED_AUTOS = YES_AGGRESSIVE;
				GCC_WARN_UNUSED_FUNCTION = YES;
				GCC_WARN_UNUSED_VARIABLE = YES;
				MACOSX_DEPLOYMENT_TARGET = 10.12;
				MTL_ENABLE_DEBUG_INFO = NO;
				SDKROOT = macosx;
			};
			name = Release;
		};
		35A0C1E51EA3859E006C34AF /* Debug */ = {
			isa = XCBuildConfiguration;
			buildSettings = {
				HEADER_SEARCH_PATHS = (
					/usr/local/include,
					/usr/local/Cellar/glew/2.0.0/include,
				);
				LIBRARY_SEARCH_PATHS = (
					"$(inherited)",
					/usr/local/lib/,
					/usr/local/Cellar/glew/2.0.0/lib,
				);
				PRODUCT_NAME = "$(TARGET_NAME)";
			};
			name = Debug;
		};
		35A0C1E61EA3859E006C34AF /* Release */ = {
			isa = XCBuildConfiguration;
			buildSettings = {
				HEADER_SEARCH_PATHS = (
					/usr/local/include,
					/usr/local/Cellar/glew/2.0.0/include,
				);
				LIBRARY_SEARCH_PATHS = (
					"$(inherited)",
					/usr/local/lib/,
					/usr/local/Cellar/glew/2.0.0/lib,
				);
				PRODUCT_NAME = "$(TARGET_NAME)";
			};
			name = Release;
		};
/* End XCBuildConfiguration section */

/* Begin XCConfigurationList section */
		35A0C1D81EA3859E006C34AF /* Build configuration list for PBXProject "OpenGL_01" */ = {
			isa = XCConfigurationList;
			buildConfigurations = (
				35A0C1E21EA3859E006C34AF /* Debug */,
				35A0C1E31EA3859E006C34AF /* Release */,
			);
			defaultConfigurationIsVisible = 0;
			defaultConfigurationName = Release;
		};
		35A0C1E41EA3859E006C34AF /* Build configuration list for PBXNativeTarget "OpenGL_01" */ = {
			isa = XCConfigurationList;
			buildConfigurations = (
				35A0C1E51EA3859E006C34AF /* Debug */,
				35A0C1E61EA3859E006C34AF /* Release */,
			);
			defaultConfigurationIsVisible = 0;
			defaultConfigurationName = Release;
		};
/* End XCConfigurationList section */
	};
	rootObject = 35A0C1D51EA3859E006C34AF /* Project object */;
}
