// !$*UTF8*$!
{
	archiveVersion = 1;
	classes = {
	};
	objectVersion = 46;
	objects = {

/* Begin PBXBuildFile section */
		353B70551F2A829E007AFD6A /* mainLighting.cpp in Sources */ = {isa = PBXBuildFile; fileRef = 353B70541F2A829E007AFD6A /* mainLighting.cpp */; };
		35A0C1E11EA3859E006C34AF /* main.cpp in Sources */ = {isa = PBXBuildFile; fileRef = 35A0C1E01EA3859E006C34AF /* main.cpp */; };
		35A0C1EB1EA3E5AF006C34AF /* libGLEW.2.0.0.dylib in Frameworks */ = {isa = PBXBuildFile; fileRef = 35A0C1EA1EA3E5AF006C34AF /* libGLEW.2.0.0.dylib */; };
		35A0C1ED1EA3E601006C34AF /* OpenGL.framework in Frameworks */ = {isa = PBXBuildFile; fileRef = 35A0C1EC1EA3E601006C34AF /* OpenGL.framework */; };
		35A0C1EF1EA55D9E006C34AF /* Cocoa.framework in Frameworks */ = {isa = PBXBuildFile; fileRef = 35A0C1EE1EA55D9E006C34AF /* Cocoa.framework */; };
		35A0C1F11EA55DA9006C34AF /* IOKit.framework in Frameworks */ = {isa = PBXBuildFile; fileRef = 35A0C1F01EA55DA9006C34AF /* IOKit.framework */; };
		35A0C1F31EA55DB0006C34AF /* CoreVideo.framework in Frameworks */ = {isa = PBXBuildFile; fileRef = 35A0C1F21EA55DB0006C34AF /* CoreVideo.framework */; };
		35C436DC1F38FB0800D9BE10 /* mainMaterial.cpp in Sources */ = {isa = PBXBuildFile; fileRef = 35C436DB1F38FB0800D9BE10 /* mainMaterial.cpp */; };
		35C436DE1F3902DC00D9BE10 /* mainLightingMaps.cpp in Sources */ = {isa = PBXBuildFile; fileRef = 35C436DD1F3902DC00D9BE10 /* mainLightingMaps.cpp */; };
		84845B081F1D40260073978C /* libSOIL.a in Frameworks */ = {isa = PBXBuildFile; fileRef = 84845AF01F1D40130073978C /* libSOIL.a */; };
		84845B091F1D41450073978C /* libglfw.3.2.dylib in Frameworks */ = {isa = PBXBuildFile; fileRef = 35A0C1E81EA3864A006C34AF /* libglfw.3.2.dylib */; };
		84845B1B1F1D44DF0073978C /* image_DXT.c in Sources */ = {isa = PBXBuildFile; fileRef = 84845B121F1D44DF0073978C /* image_DXT.c */; };
		84845B1C1F1D44DF0073978C /* image_helper.c in Sources */ = {isa = PBXBuildFile; fileRef = 84845B141F1D44DF0073978C /* image_helper.c */; };
		84845B1D1F1D44DF0073978C /* SOIL.c in Sources */ = {isa = PBXBuildFile; fileRef = 84845B161F1D44DF0073978C /* SOIL.c */; };
		84845B1E1F1D44DF0073978C /* stb_image_aug.c in Sources */ = {isa = PBXBuildFile; fileRef = 84845B171F1D44DF0073978C /* stb_image_aug.c */; };
/* End PBXBuildFile section */

/* Begin PBXCopyFilesBuildPhase section */
		35A0C1DB1EA3859E006C34AF /* CopyFiles */ = {
			isa = PBXCopyFilesBuildPhase;
			buildActionMask = 2147483647;
			dstPath = /usr/share/man/man1/;
			dstSubfolderSpec = 0;
			files = (
			);
			runOnlyForDeploymentPostprocessing = 1;
		};
/* End PBXCopyFilesBuildPhase section */

/* Begin PBXFileReference section */
		353B70521F2A8072007AFD6A /* BasePhong.frag */ = {isa = PBXFileReference; fileEncoding = 4; lastKnownFileType = sourcecode.glsl; name = BasePhong.frag; path = Shaders/BasePhong.frag; sourceTree = "<group>"; };
		353B70531F2A8072007AFD6A /* BasePhong.ver */ = {isa = PBXFileReference; fileEncoding = 4; lastKnownFileType = text; name = BasePhong.ver; path = Shaders/BasePhong.ver; sourceTree = "<group>"; };
		353B70541F2A829E007AFD6A /* mainLighting.cpp */ = {isa = PBXFileReference; fileEncoding = 4; lastKnownFileType = sourcecode.cpp.cpp; path = mainLighting.cpp; sourceTree = "<group>"; };
		353B70561F2A8621007AFD6A /* SimpleLightSource.frag */ = {isa = PBXFileReference; fileEncoding = 4; lastKnownFileType = sourcecode.glsl; name = SimpleLightSource.frag; path = Shaders/SimpleLightSource.frag; sourceTree = "<group>"; };
		353B70571F2A8621007AFD6A /* SimpleLightSource.ver */ = {isa = PBXFileReference; fileEncoding = 4; lastKnownFileType = text; name = SimpleLightSource.ver; path = Shaders/SimpleLightSource.ver; sourceTree = "<group>"; };
		354418C01EA8093B0094EB72 /* shader-loader.h */ = {isa = PBXFileReference; lastKnownFileType = sourcecode.c.h; path = "shader-loader.h"; sourceTree = "<group>"; };
		354418C21EA80B870094EB72 /* Simple.ver */ = {isa = PBXFileReference; fileEncoding = 4; lastKnownFileType = text; name = Simple.ver; path = Shaders/Simple.ver; sourceTree = "<group>"; };
		354418C31EA80BB70094EB72 /* Simple.frag */ = {isa = PBXFileReference; fileEncoding = 4; lastKnownFileType = sourcecode.glsl; name = Simple.frag; path = Shaders/Simple.frag; sourceTree = "<group>"; };
		354502D11EA5634600F3B587 /* libglfw3.a */ = {isa = PBXFileReference; lastKnownFileType = archive.ar; name = libglfw3.a; path = ../../../../../../../usr/local/lib/libglfw3.a; sourceTree = "<group>"; };
		35A0C1DD1EA3859E006C34AF /* OpenGL_01 */ = {isa = PBXFileReference; explicitFileType = "compiled.mach-o.executable"; includeInIndex = 0; path = OpenGL_01; sourceTree = BUILT_PRODUCTS_DIR; };
		35A0C1E01EA3859E006C34AF /* main.cpp */ = {isa = PBXFileReference; lastKnownFileType = sourcecode.cpp.cpp; path = main.cpp; sourceTree = "<group>"; };
		35A0C1E81EA3864A006C34AF /* libglfw.3.2.dylib */ = {isa = PBXFileReference; lastKnownFileType = "compiled.mach-o.dylib"; name = libglfw.3.2.dylib; path = ../../../../../../../usr/local/Cellar/glfw/3.2.1/lib/libglfw.3.2.dylib; sourceTree = "<group>"; };
		35A0C1EA1EA3E5AF006C34AF /* libGLEW.2.0.0.dylib */ = {isa = PBXFileReference; lastKnownFileType = "compiled.mach-o.dylib"; name = libGLEW.2.0.0.dylib; path = ../../../../../../../usr/local/Cellar/glew/2.0.0/lib/libGLEW.2.0.0.dylib; sourceTree = "<group>"; };
		35A0C1EC1EA3E601006C34AF /* OpenGL.framework */ = {isa = PBXFileReference; lastKnownFileType = wrapper.framework; name = OpenGL.framework; path = System/Library/Frameworks/OpenGL.framework; sourceTree = SDKROOT; };
		35A0C1EE1EA55D9E006C34AF /* Cocoa.framework */ = {isa = PBXFileReference; lastKnownFileType = wrapper.framework; name = Cocoa.framework; path = System/Library/Frameworks/Cocoa.framework; sourceTree = SDKROOT; };
		35A0C1F01EA55DA9006C34AF /* IOKit.framework */ = {isa = PBXFileReference; lastKnownFileType = wrapper.framework; name = IOKit.framework; path = System/Library/Frameworks/IOKit.framework; sourceTree = SDKROOT; };
		35A0C1F21EA55DB0006C34AF /* CoreVideo.framework */ = {isa = PBXFileReference; lastKnownFileType = wrapper.framework; name = CoreVideo.framework; path = System/Library/Frameworks/CoreVideo.framework; sourceTree = SDKROOT; };
		35C436D91F38F26400D9BE10 /* BaseMaterial.frag */ = {isa = PBXFileReference; fileEncoding = 4; lastKnownFileType = sourcecode.glsl; name = BaseMaterial.frag; path = Shaders/BaseMaterial.frag; sourceTree = "<group>"; };
		35C436DA1F38F26400D9BE10 /* BaseMaterial.ver */ = {isa = PBXFileReference; fileEncoding = 4; lastKnownFileType = text; name = BaseMaterial.ver; path = Shaders/BaseMaterial.ver; sourceTree = "<group>"; };
		35C436DB1F38FB0800D9BE10 /* mainMaterial.cpp */ = {isa = PBXFileReference; fileEncoding = 4; lastKnownFileType = sourcecode.cpp.cpp; path = mainMaterial.cpp; sourceTree = "<group>"; };
		35C436DD1F3902DC00D9BE10 /* mainLightingMaps.cpp */ = {isa = PBXFileReference; fileEncoding = 4; lastKnownFileType = sourcecode.cpp.cpp; path = mainLightingMaps.cpp; sourceTree = "<group>"; };
		35C436DF1F39033800D9BE10 /* BaseLightingMap.frag */ = {isa = PBXFileReference; fileEncoding = 4; lastKnownFileType = sourcecode.glsl; name = BaseLightingMap.frag; path = Shaders/BaseLightingMap.frag; sourceTree = "<group>"; };
		35C436E01F39033800D9BE10 /* BaseLightingMap.ver */ = {isa = PBXFileReference; fileEncoding = 4; lastKnownFileType = text; name = BaseLightingMap.ver; path = Shaders/BaseLightingMap.ver; sourceTree = "<group>"; };
		35C436E11F39075100D9BE10 /* container2.png */ = {isa = PBXFileReference; lastKnownFileType = image.png; path = container2.png; sourceTree = "<group>"; };
		35C436E21F390AF500D9BE10 /* container2_specular.png */ = {isa = PBXFileReference; lastKnownFileType = image.png; path = container2_specular.png; sourceTree = "<group>"; };
		35CD1AE71EC66E94001AC9D2 /* camera.h */ = {isa = PBXFileReference; lastKnownFileType = sourcecode.c.h; path = camera.h; sourceTree = "<group>"; };
		35D8A41D1F33C0F300C6F1F2 /* BaseGouraud.frag */ = {isa = PBXFileReference; fileEncoding = 4; lastKnownFileType = sourcecode.glsl; name = BaseGouraud.frag; path = Shaders/BaseGouraud.frag; sourceTree = "<group>"; };
		35D8A41E1F33C0F300C6F1F2 /* BaseGouraud.ver */ = {isa = PBXFileReference; fileEncoding = 4; lastKnownFileType = text; name = BaseGouraud.ver; path = Shaders/BaseGouraud.ver; sourceTree = "<group>"; };
		35FDB0BD1EA934CE00A51757 /* libSOIL.a */ = {isa = PBXFileReference; lastKnownFileType = archive.ar; name = libSOIL.a; path = ../../../../../../../usr/local/lib/libSOIL.a; sourceTree = "<group>"; };
		35FDB0BF1EA935AF00A51757 /* container.jpg */ = {isa = PBXFileReference; lastKnownFileType = image.jpeg; path = container.jpg; sourceTree = "<group>"; };
		35FDB0C01EA935AF00A51757 /* wall.jpg */ = {isa = PBXFileReference; lastKnownFileType = image.jpeg; path = wall.jpg; sourceTree = "<group>"; };
		84845AF01F1D40130073978C /* libSOIL.a */ = {isa = PBXFileReference; lastKnownFileType = archive.ar; path = libSOIL.a; sourceTree = "<group>"; };
		84845AFA1F1D40130073978C /* SOIL.h */ = {isa = PBXFileReference; fileEncoding = 4; lastKnownFileType = sourcecode.c.h; path = SOIL.h; sourceTree = "<group>"; };
		84845B121F1D44DF0073978C /* image_DXT.c */ = {isa = PBXFileReference; fileEncoding = 4; lastKnownFileType = sourcecode.c.c; path = image_DXT.c; sourceTree = "<group>"; };
		84845B131F1D44DF0073978C /* image_DXT.h */ = {isa = PBXFileReference; fileEncoding = 4; lastKnownFileType = sourcecode.c.h; path = image_DXT.h; sourceTree = "<group>"; };
		84845B141F1D44DF0073978C /* image_helper.c */ = {isa = PBXFileReference; fileEncoding = 4; lastKnownFileType = sourcecode.c.c; path = image_helper.c; sourceTree = "<group>"; };
		84845B151F1D44DF0073978C /* image_helper.h */ = {isa = PBXFileReference; fileEncoding = 4; lastKnownFileType = sourcecode.c.h; path = image_helper.h; sourceTree = "<group>"; };
		84845B161F1D44DF0073978C /* SOIL.c */ = {isa = PBXFileReference; fileEncoding = 4; lastKnownFileType = sourcecode.c.c; path = SOIL.c; sourceTree = "<group>"; };
		84845B171F1D44DF0073978C /* stb_image_aug.c */ = {isa = PBXFileReference; fileEncoding = 4; lastKnownFileType = sourcecode.c.c; path = stb_image_aug.c; sourceTree = "<group>"; };
		84845B181F1D44DF0073978C /* stb_image_aug.h */ = {isa = PBXFileReference; fileEncoding = 4; lastKnownFileType = sourcecode.c.h; path = stb_image_aug.h; sourceTree = "<group>"; };
		84845B191F1D44DF0073978C /* stbi_DDS_aug_c.h */ = {isa = PBXFileReference; fileEncoding = 4; lastKnownFileType = sourcecode.c.h; path = stbi_DDS_aug_c.h; sourceTree = "<group>"; };
		84845B1A1F1D44DF0073978C /* stbi_DDS_aug.h */ = {isa = PBXFileReference; fileEncoding = 4; lastKnownFileType = sourcecode.c.h; path = stbi_DDS_aug.h; sourceTree = "<group>"; };
/* End PBXFileReference section */

/* Begin PBXFrameworksBuildPhase section */
		35A0C1DA1EA3859E006C34AF /* Frameworks */ = {
			isa = PBXFrameworksBuildPhase;
			buildActionMask = 2147483647;
			files = (
				84845B091F1D41450073978C /* libglfw.3.2.dylib in Frameworks */,
				84845B081F1D40260073978C /* libSOIL.a in Frameworks */,
				35A0C1F31EA55DB0006C34AF /* CoreVideo.framework in Frameworks */,
				35A0C1F11EA55DA9006C34AF /* IOKit.framework in Frameworks */,
				35A0C1EF1EA55D9E006C34AF /* Cocoa.framework in Frameworks */,
				35A0C1ED1EA3E601006C34AF /* OpenGL.framework in Frameworks */,
				35A0C1EB1EA3E5AF006C34AF /* libGLEW.2.0.0.dylib in Frameworks */,
			);
			runOnlyForDeploymentPostprocessing = 0;
		};
/* End PBXFrameworksBuildPhase section */

/* Begin PBXGroup section */
		355DCF181EA6BC770029CD24 /* Shaders */ = {
			isa = PBXGroup;
			children = (
				35C436DF1F39033800D9BE10 /* BaseLightingMap.frag */,
				35C436E01F39033800D9BE10 /* BaseLightingMap.ver */,
				35C436D91F38F26400D9BE10 /* BaseMaterial.frag */,
				35C436DA1F38F26400D9BE10 /* BaseMaterial.ver */,
				35D8A41D1F33C0F300C6F1F2 /* BaseGouraud.frag */,
				35D8A41E1F33C0F300C6F1F2 /* BaseGouraud.ver */,
				353B70561F2A8621007AFD6A /* SimpleLightSource.frag */,
				353B70571F2A8621007AFD6A /* SimpleLightSource.ver */,
				353B70521F2A8072007AFD6A /* BasePhong.frag */,
				353B70531F2A8072007AFD6A /* BasePhong.ver */,
				354418C21EA80B870094EB72 /* Simple.ver */,
				354418C31EA80BB70094EB72 /* Simple.frag */,
			);
			name = Shaders;
			sourceTree = "<group>";
		};
		35A0C1D41EA3859E006C34AF = {
			isa = PBXGroup;
			children = (
				35A0C1DF1EA3859E006C34AF /* OpenGL_01 */,
				35A0C1DE1EA3859E006C34AF /* Products */,
				35A0C1E71EA3864A006C34AF /* Frameworks */,
			);
			sourceTree = "<group>";
		};
		35A0C1DE1EA3859E006C34AF /* Products */ = {
			isa = PBXGroup;
			children = (
				35A0C1DD1EA3859E006C34AF /* OpenGL_01 */,
			);
			name = Products;
			sourceTree = "<group>";
		};
		35A0C1DF1EA3859E006C34AF /* OpenGL_01 */ = {
			isa = PBXGroup;
			children = (
				84845AED1F1D40130073978C /* Libraries */,
				35FDB0BA1EA929FC00A51757 /* Resources */,
				355DCF181EA6BC770029CD24 /* Shaders */,
				35A0C1E01EA3859E006C34AF /* main.cpp */,
				35C436DB1F38FB0800D9BE10 /* mainMaterial.cpp */,
				35C436DD1F3902DC00D9BE10 /* mainLightingMaps.cpp */,
				353B70541F2A829E007AFD6A /* mainLighting.cpp */,
				354418C01EA8093B0094EB72 /* shader-loader.h */,
				35CD1AE71EC66E94001AC9D2 /* camera.h */,
			);
			path = OpenGL_01;
			sourceTree = "<group>";
		};
		35A0C1E71EA3864A006C34AF /* Frameworks */ = {
			isa = PBXGroup;
			children = (
				35FDB0BD1EA934CE00A51757 /* libSOIL.a */,
				354502D11EA5634600F3B587 /* libglfw3.a */,
				35A0C1F21EA55DB0006C34AF /* CoreVideo.framework */,
				35A0C1F01EA55DA9006C34AF /* IOKit.framework */,
				35A0C1EE1EA55D9E006C34AF /* Cocoa.framework */,
				35A0C1EC1EA3E601006C34AF /* OpenGL.framework */,
				35A0C1EA1EA3E5AF006C34AF /* libGLEW.2.0.0.dylib */,
				35A0C1E81EA3864A006C34AF /* libglfw.3.2.dylib */,
			);
			name = Frameworks;
			sourceTree = "<group>";
		};
		35FDB0BA1EA929FC00A51757 /* Resources */ = {
			isa = PBXGroup;
			children = (
				35FDB0BB1EA929FC00A51757 /* Textures */,
			);
			path = Resources;
			sourceTree = "<group>";
		};
		35FDB0BB1EA929FC00A51757 /* Textures */ = {
			isa = PBXGroup;
			children = (
				35C436E11F39075100D9BE10 /* container2.png */,
				35FDB0BF1EA935AF00A51757 /* container.jpg */,
				35C436E21F390AF500D9BE10 /* container2_specular.png */,
				35FDB0C01EA935AF00A51757 /* wall.jpg */,
			);
			path = Textures;
			sourceTree = "<group>";
		};
		84845AED1F1D40130073978C /* Libraries */ = {
			isa = PBXGroup;
			children = (
				84845AEE1F1D40130073978C /* SOIL */,
			);
			path = Libraries;
			sourceTree = "<group>";
		};
		84845AEE1F1D40130073978C /* SOIL */ = {
			isa = PBXGroup;
			children = (
				84845AEF1F1D40130073978C /* lib */,
				84845AF11F1D40130073978C /* src */,
			);
			path = SOIL;
			sourceTree = "<group>";
		};
		84845AEF1F1D40130073978C /* lib */ = {
			isa = PBXGroup;
			children = (
				84845AF01F1D40130073978C /* libSOIL.a */,
			);
			path = lib;
			sourceTree = "<group>";
		};
		84845AF11F1D40130073978C /* src */ = {
			isa = PBXGroup;
			children = (
				84845B121F1D44DF0073978C /* image_DXT.c */,
				84845B131F1D44DF0073978C /* image_DXT.h */,
				84845B141F1D44DF0073978C /* image_helper.c */,
				84845B151F1D44DF0073978C /* image_helper.h */,
				84845B161F1D44DF0073978C /* SOIL.c */,
				84845B171F1D44DF0073978C /* stb_image_aug.c */,
				84845B181F1D44DF0073978C /* stb_image_aug.h */,
				84845B191F1D44DF0073978C /* stbi_DDS_aug_c.h */,
				84845B1A1F1D44DF0073978C /* stbi_DDS_aug.h */,
				84845AFA1F1D40130073978C /* SOIL.h */,
			);
			path = src;
			sourceTree = "<group>";
		};
/* End PBXGroup section */

/* Begin PBXNativeTarget section */
		35A0C1DC1EA3859E006C34AF /* OpenGL_01 */ = {
			isa = PBXNativeTarget;
			buildConfigurationList = 35A0C1E41EA3859E006C34AF /* Build configuration list for PBXNativeTarget "OpenGL_01" */;
			buildPhases = (
				35A0C1D91EA3859E006C34AF /* Sources */,
				35A0C1DA1EA3859E006C34AF /* Frameworks */,
				35A0C1DB1EA3859E006C34AF /* CopyFiles */,
			);
			buildRules = (
			);
			dependencies = (
			);
			name = OpenGL_01;
			productName = OpenGL_01;
			productReference = 35A0C1DD1EA3859E006C34AF /* OpenGL_01 */;
			productType = "com.apple.product-type.tool";
		};
/* End PBXNativeTarget section */

/* Begin PBXProject section */
		35A0C1D51EA3859E006C34AF /* Project object */ = {
			isa = PBXProject;
			attributes = {
				LastUpgradeCheck = 0830;
				ORGANIZATIONNAME = HandMade;
				TargetAttributes = {
					35A0C1DC1EA3859E006C34AF = {
						CreatedOnToolsVersion = 8.3.1;
						ProvisioningStyle = Automatic;
					};
				};
			};
			buildConfigurationList = 35A0C1D81EA3859E006C34AF /* Build configuration list for PBXProject "OpenGL_01" */;
			compatibilityVersion = "Xcode 3.2";
			developmentRegion = English;
			hasScannedForEncodings = 0;
			knownRegions = (
				en,
			);
			mainGroup = 35A0C1D41EA3859E006C34AF;
			productRefGroup = 35A0C1DE1EA3859E006C34AF /* Products */;
			projectDirPath = "";
			projectRoot = "";
			targets = (
				35A0C1DC1EA3859E006C34AF /* OpenGL_01 */,
			);
		};
/* End PBXProject section */

/* Begin PBXSourcesBuildPhase section */
		35A0C1D91EA3859E006C34AF /* Sources */ = {
			isa = PBXSourcesBuildPhase;
			buildActionMask = 2147483647;
			files = (
				84845B1C1F1D44DF0073978C /* image_helper.c in Sources */,
				35C436DE1F3902DC00D9BE10 /* mainLightingMaps.cpp in Sources */,
				84845B1E1F1D44DF0073978C /* stb_image_aug.c in Sources */,
				353B70551F2A829E007AFD6A /* mainLighting.cpp in Sources */,
				84845B1B1F1D44DF0073978C /* image_DXT.c in Sources */,
				35C436DC1F38FB0800D9BE10 /* mainMaterial.cpp in Sources */,
				84845B1D1F1D44DF0073978C /* SOIL.c in Sources */,
				35A0C1E11EA3859E006C34AF /* main.cpp in Sources */,
			);
			runOnlyForDeploymentPostprocessing = 0;
		};
/* End PBXSourcesBuildPhase section */

/* Begin XCBuildConfiguration section */
		35A0C1E21EA3859E006C34AF /* Debug */ = {
			isa = XCBuildConfiguration;
			buildSettings = {
				ALWAYS_SEARCH_USER_PATHS = NO;
				CLANG_ANALYZER_NONNULL = YES;
				CLANG_ANALYZER_NUMBER_OBJECT_CONVERSION = YES_AGGRESSIVE;
				CLANG_CXX_LANGUAGE_STANDARD = "gnu++0x";
				CLANG_CXX_LIBRARY = "libc++";
				CLANG_ENABLE_MODULES = YES;
				CLANG_ENABLE_OBJC_ARC = YES;
				CLANG_WARN_BOOL_CONVERSION = YES;
				CLANG_WARN_CONSTANT_CONVERSION = YES;
				CLANG_WARN_DIRECT_OBJC_ISA_USAGE = YES_ERROR;
				CLANG_WARN_DOCUMENTATION_COMMENTS = YES;
				CLANG_WARN_EMPTY_BODY = YES;
				CLANG_WARN_ENUM_CONVERSION = YES;
				CLANG_WARN_INFINITE_RECURSION = YES;
				CLANG_WARN_INT_CONVERSION = YES;
				CLANG_WARN_OBJC_ROOT_CLASS = YES_ERROR;
				CLANG_WARN_SUSPICIOUS_MOVE = YES;
				CLANG_WARN_UNREACHABLE_CODE = YES;
				CLANG_WARN__DUPLICATE_METHOD_MATCH = YES;
				CODE_SIGN_IDENTITY = "-";
				COPY_PHASE_STRIP = NO;
				DEBUG_INFORMATION_FORMAT = dwarf;
				ENABLE_STRICT_OBJC_MSGSEND = YES;
				ENABLE_TESTABILITY = YES;
				GCC_C_LANGUAGE_STANDARD = gnu99;
				GCC_DYNAMIC_NO_PIC = NO;
				GCC_NO_COMMON_BLOCKS = YES;
				GCC_OPTIMIZATION_LEVEL = 0;
				GCC_PREPROCESSOR_DEFINITIONS = (
					"DEBUG=1",
					"$(inherited)",
				);
				GCC_WARN_64_TO_32_BIT_CONVERSION = YES;
				GCC_WARN_ABOUT_RETURN_TYPE = YES_ERROR;
				GCC_WARN_UNDECLARED_SELECTOR = YES;
				GCC_WARN_UNINITIALIZED_AUTOS = YES_AGGRESSIVE;
				GCC_WARN_UNUSED_FUNCTION = YES;
				GCC_WARN_UNUSED_VARIABLE = YES;
				MACOSX_DEPLOYMENT_TARGET = 10.12;
				MTL_ENABLE_DEBUG_INFO = YES;
				ONLY_ACTIVE_ARCH = YES;
				SDKROOT = macosx;
			};
			name = Debug;
		};
		35A0C1E31EA3859E006C34AF /* Release */ = {
			isa = XCBuildConfiguration;
			buildSettings = {
				ALWAYS_SEARCH_USER_PATHS = NO;
				CLANG_ANALYZER_NONNULL = YES;
				CLANG_ANALYZER_NUMBER_OBJECT_CONVERSION = YES_AGGRESSIVE;
				CLANG_CXX_LANGUAGE_STANDARD = "gnu++0x";
				CLANG_CXX_LIBRARY = "libc++";
				CLANG_ENABLE_MODULES = YES;
				CLANG_ENABLE_OBJC_ARC = YES;
				CLANG_WARN_BOOL_CONVERSION = YES;
				CLANG_WARN_CONSTANT_CONVERSION = YES;
				CLANG_WARN_DIRECT_OBJC_ISA_USAGE = YES_ERROR;
				CLANG_WARN_DOCUMENTATION_COMMENTS = YES;
				CLANG_WARN_EMPTY_BODY = YES;
				CLANG_WARN_ENUM_CONVERSION = YES;
				CLANG_WARN_INFINITE_RECURSION = YES;
				CLANG_WARN_INT_CONVERSION = YES;
				CLANG_WARN_OBJC_ROOT_CLASS = YES_ERROR;
				CLANG_WARN_SUSPICIOUS_MOVE = YES;
				CLANG_WARN_UNREACHABLE_CODE = YES;
				CLANG_WARN__DUPLICATE_METHOD_MATCH = YES;
				CODE_SIGN_IDENTITY = "-";
				COPY_PHASE_STRIP = NO;
				DEBUG_INFORMATION_FORMAT = "dwarf-with-dsym";
				ENABLE_NS_ASSERTIONS = NO;
				ENABLE_STRICT_OBJC_MSGSEND = YES;
				GCC_C_LANGUAGE_STANDARD = gnu99;
				GCC_NO_COMMON_BLOCKS = YES;
				GCC_WARN_64_TO_32_BIT_CONVERSION = YES;
				GCC_WARN_ABOUT_RETURN_TYPE = YES_ERROR;
				GCC_WARN_UNDECLARED_SELECTOR = YES;
				GCC_WARN_UNINITIALIZED_AUTOS = YES_AGGRESSIVE;
				GCC_WARN_UNUSED_FUNCTION = YES;
				GCC_WARN_UNUSED_VARIABLE = YES;
				MACOSX_DEPLOYMENT_TARGET = 10.12;
				MTL_ENABLE_DEBUG_INFO = NO;
				SDKROOT = macosx;
			};
			name = Release;
		};
		35A0C1E51EA3859E006C34AF /* Debug */ = {
			isa = XCBuildConfiguration;
			buildSettings = {
				HEADER_SEARCH_PATHS = (
					/usr/local/include,
					/usr/local/Cellar/glew/2.0.0/include,
					OpenGL_01/Libraries/SOIL/src,
				);
				LIBRARY_SEARCH_PATHS = (
					"$(inherited)",
					/usr/local/lib/,
					/usr/local/Cellar/glew/2.0.0/lib,
					"$(PROJECT_DIR)/OpenGL_01/Libraries",
					"$(PROJECT_DIR)/OpenGL_01/Libraries/SOIL/lib",
					/usr/local/Cellar/glfw/3.2.1/lib,
				);
				PRODUCT_NAME = "$(TARGET_NAME)";
			};
			name = Debug;
		};
		35A0C1E61EA3859E006C34AF /* Release */ = {
			isa = XCBuildConfiguration;
			buildSettings = {
				HEADER_SEARCH_PATHS = (
					/usr/local/include,
					/usr/local/Cellar/glew/2.0.0/include,
					OpenGL_01/Libraries/SOIL/src,
				);
				LIBRARY_SEARCH_PATHS = (
					"$(inherited)",
					/usr/local/lib/,
					/usr/local/Cellar/glew/2.0.0/lib,
					"$(PROJECT_DIR)/OpenGL_01/Libraries",
					"$(PROJECT_DIR)/OpenGL_01/Libraries/SOIL/lib",
					/usr/local/Cellar/glfw/3.2.1/lib,
				);
				PRODUCT_NAME = "$(TARGET_NAME)";
			};
			name = Release;
		};
/* End XCBuildConfiguration section */

/* Begin XCConfigurationList section */
		35A0C1D81EA3859E006C34AF /* Build configuration list for PBXProject "OpenGL_01" */ = {
			isa = XCConfigurationList;
			buildConfigurations = (
				35A0C1E21EA3859E006C34AF /* Debug */,
				35A0C1E31EA3859E006C34AF /* Release */,
			);
			defaultConfigurationIsVisible = 0;
			defaultConfigurationName = Release;
		};
		35A0C1E41EA3859E006C34AF /* Build configuration list for PBXNativeTarget "OpenGL_01" */ = {
			isa = XCConfigurationList;
			buildConfigurations = (
				35A0C1E51EA3859E006C34AF /* Debug */,
				35A0C1E61EA3859E006C34AF /* Release */,
			);
			defaultConfigurationIsVisible = 0;
			defaultConfigurationName = Release;
		};
/* End XCConfigurationList section */
	};
	rootObject = 35A0C1D51EA3859E006C34AF /* Project object */;
}
